
Microsoft Visual Studio Solution File, Format Version 12.00
# Visual Studio Version 17
VisualStudioVersion = 17.5.002.0
MinimumVisualStudioVersion = 10.0.40219.1
Project("{9A19103F-16F7-4668-BE54-9A1E7A4F7556}") = "food app", "food app.csproj", "{6C0B4F6A-50A7-4203-868A-7F86387C8D82}"
EndProject
Global
	GlobalSection(SolutionConfigurationPlatforms) = preSolution
		Debug|Any CPU = Debug|Any CPU
		Release|Any CPU = Release|Any CPU
	EndGlobalSection
	GlobalSection(ProjectConfigurationPlatforms) = postSolution
		{6C0B4F6A-50A7-4203-868A-7F86387C8D82}.Debug|Any CPU.ActiveCfg = Debug|Any CPU
		{6C0B4F6A-50A7-4203-868A-7F86387C8D82}.Debug|Any CPU.Build.0 = Debug|Any CPU
		{6C0B4F6A-50A7-4203-868A-7F86387C8D82}.Release|Any CPU.ActiveCfg = Release|Any CPU
		{6C0B4F6A-50A7-4203-868A-7F86387C8D82}.Release|Any CPU.Build.0 = Release|Any CPU
	EndGlobalSection
	GlobalSection(SolutionProperties) = preSolution
		HideSolutionNode = FALSE
	EndGlobalSection
	GlobalSection(ExtensibilityGlobals) = postSolution
		SolutionGuid = {927F91C9-0FD7-42DF-86E0-1E309A713132}
	EndGlobalSection
EndGlobal
